// !$*UTF8*$!
{
	archiveVersion = 1;
	classes = {
	};
	objectVersion = 56;
	objects = {

/* Begin PBXBuildFile section */
		AA3700F92F952AB600CC6735 /* AppDelegate.swift in Sources */ = {isa = PBXBuildFile; fileRef = AA3700F82F952AB600CC6735 /* AppDelegate.swift */; };
		AA3700FB2F952AB600CC6735 /* SceneDelegate.swift in Sources */ = {isa = PBXBuildFile; fileRef = AA3700FA2F952AB600CC6735 /* SceneDelegate.swift */; };
		AA3700FD2F952AB600CC6735 /* ViewController.swift in Sources */ = {isa = PBXBuildFile; fileRef = AA3700FC2F952AB600CC6735 /* ViewController.swift */; };
		AA3701002F952AB600CC6735 /* Main.storyboard in Resources */ = {isa = PBXBuildFile; fileRef = AA3700FE2F952AB600CC6735 /* Main.storyboard */; };
		AA3701032F952AB600CC6735 /* GymPro.xcdatamodeld in Sources */ = {isa = PBXBuildFile; fileRef = AA3701012F952AB600CC6735 /* GymPro.xcdatamodeld */; };
		AA3701052F952AB800CC6735 /* Assets.xcassets in Resources */ = {isa = PBXBuildFile; fileRef = AA3701042F952AB800CC6735 /* Assets.xcassets */; };
		AA3701082F952AB800CC6735 /* LaunchScreen.storyboard in Resources */ = {isa = PBXBuildFile; fileRef = AA3701062F952AB800CC6735 /* LaunchScreen.storyboard */; };
		AA3701152F952E5500CC6735 /* Miembro.swift in Sources */ = {isa = PBXBuildFile; fileRef = AA3701142F952E5500CC6735 /* Miembro.swift */; };
		AA3701172F952E9600CC6735 /* Ejercicio.swift in Sources */ = {isa = PBXBuildFile; fileRef = AA3701162F952E9600CC6735 /* Ejercicio.swift */; };
		AA3701192F952ECB00CC6735 /* Pago.swift in Sources */ = {isa = PBXBuildFile; fileRef = AA3701182F952ECB00CC6735 /* Pago.swift */; };
		AA37011B2F952F1800CC6735 /* IMiembro.swift in Sources */ = {isa = PBXBuildFile; fileRef = AA37011A2F952F1800CC6735 /* IMiembro.swift */; };
		AA37011D2F952F5800CC6735 /* IEjercicio.swift in Sources */ = {isa = PBXBuildFile; fileRef = AA37011C2F952F5800CC6735 /* IEjercicio.swift */; };
		AA37011F2F952F9000CC6735 /* IPago.swift in Sources */ = {isa = PBXBuildFile; fileRef = AA37011E2F952F8F00CC6735 /* IPago.swift */; };
		AA3701212F95302C00CC6735 /* MiembroController.swift in Sources */ = {isa = PBXBuildFile; fileRef = AA3701202F95302C00CC6735 /* MiembroController.swift */; };
		AA3701232F95306300CC6735 /* EjercicioController.swift in Sources */ = {isa = PBXBuildFile; fileRef = AA3701222F95306300CC6735 /* EjercicioController.swift */; };
		AA3701252F9530AD00CC6735 /* PagoController.swift in Sources */ = {isa = PBXBuildFile; fileRef = AA3701242F9530AD00CC6735 /* PagoController.swift */; };
		AA3701272F9531F700CC6735 /* DashboardViewController.swift in Sources */ = {isa = PBXBuildFile; fileRef = AA3701262F9531F700CC6735 /* DashboardViewController.swift */; };
		AA3701292F95324B00CC6735 /* MiembrosViewController.swift in Sources */ = {isa = PBXBuildFile; fileRef = AA3701282F95324B00CC6735 /* MiembrosViewController.swift */; };
		AA37012B2F9532CE00CC6735 /* NuevoMiembroViewController.swift in Sources */ = {isa = PBXBuildFile; fileRef = AA37012A2F9532CE00CC6735 /* NuevoMiembroViewController.swift */; };
		AA37012D2F95331C00CC6735 /* DetalleMiembroViewController.swift in Sources */ = {isa = PBXBuildFile; fileRef = AA37012C2F95331C00CC6735 /* DetalleMiembroViewController.swift */; };
		AA37012F2F95336C00CC6735 /* EjerciciosViewController.swift in Sources */ = {isa = PBXBuildFile; fileRef = AA37012E2F95336C00CC6735 /* EjerciciosViewController.swift */; };
		AA3701312F9533B300CC6735 /* DetalleEjercicioViewController.swift in Sources */ = {isa = PBXBuildFile; fileRef = AA3701302F9533B300CC6735 /* DetalleEjercicioViewController.swift */; };
		AA3701332F9533F000CC6735 /* MisEjerciciosViewController.swift in Sources */ = {isa = PBXBuildFile; fileRef = AA3701322F9533F000CC6735 /* MisEjerciciosViewController.swift */; };
		AA3701352F9534D500CC6735 /* PagosViewController.swift in Sources */ = {isa = PBXBuildFile; fileRef = AA3701342F9534D500CC6735 /* PagosViewController.swift */; };
		AA3701372F95351400CC6735 /* NuevoPagoViewController.swift in Sources */ = {isa = PBXBuildFile; fileRef = AA3701362F95351400CC6735 /* NuevoPagoViewController.swift */; };
		AA3701392F95357E00CC6735 /* CeldaMiembro.swift in Sources */ = {isa = PBXBuildFile; fileRef = AA3701382F95357E00CC6735 /* CeldaMiembro.swift */; };
		AA37013B2F9535C900CC6735 /* CeldaEjercicio.swift in Sources */ = {isa = PBXBuildFile; fileRef = AA37013A2F9535C900CC6735 /* CeldaEjercicio.swift */; };
		AA37013D2F95360900CC6735 /* CeldaPago.swift in Sources */ = {isa = PBXBuildFile; fileRef = AA37013C2F95360900CC6735 /* CeldaPago.swift */; };
		AA37013F2F98236700CC6735 /* EditarMiembroViewController.swift in Sources */ = {isa = PBXBuildFile; fileRef = AA37013E2F98236700CC6735 /* EditarMiembroViewController.swift */; };
/* End PBXBuildFile section */

/* Begin PBXFileReference section */
		AA3700F52F952AB600CC6735 /* GymPro.app */ = {isa = PBXFileReference; explicitFileType = wrapper.application; includeInIndex = 0; path = GymPro.app; sourceTree = BUILT_PRODUCTS_DIR; };
		AA3700F82F952AB600CC6735 /* AppDelegate.swift */ = {isa = PBXFileReference; lastKnownFileType = sourcecode.swift; path = AppDelegate.swift; sourceTree = "<group>"; };
		AA3700FA2F952AB600CC6735 /* SceneDelegate.swift */ = {isa = PBXFileReference; lastKnownFileType = sourcecode.swift; path = SceneDelegate.swift; sourceTree = "<group>"; };
		AA3700FC2F952AB600CC6735 /* ViewController.swift */ = {isa = PBXFileReference; lastKnownFileType = sourcecode.swift; path = ViewController.swift; sourceTree = "<group>"; };
		AA3700FF2F952AB600CC6735 /* Base */ = {isa = PBXFileReference; lastKnownFileType = file.storyboard; name = Base; path = Base.lproj/Main.storyboard; sourceTree = "<group>"; };
		AA3701022F952AB600CC6735 /* GymPro.xcdatamodel */ = {isa = PBXFileReference; lastKnownFileType = wrapper.xcdatamodel; path = GymPro.xcdatamodel; sourceTree = "<group>"; };
		AA3701042F952AB800CC6735 /* Assets.xcassets */ = {isa = PBXFileReference; lastKnownFileType = folder.assetcatalog; path = Assets.xcassets; sourceTree = "<group>"; };
		AA3701072F952AB800CC6735 /* Base */ = {isa = PBXFileReference; lastKnownFileType = file.storyboard; name = Base; path = Base.lproj/LaunchScreen.storyboard; sourceTree = "<group>"; };
		AA3701092F952AB800CC6735 /* Info.plist */ = {isa = PBXFileReference; lastKnownFileType = text.plist.xml; path = Info.plist; sourceTree = "<group>"; };
		AA3701142F952E5500CC6735 /* Miembro.swift */ = {isa = PBXFileReference; lastKnownFileType = sourcecode.swift; path = Miembro.swift; sourceTree = "<group>"; };
		AA3701162F952E9600CC6735 /* Ejercicio.swift */ = {isa = PBXFileReference; lastKnownFileType = sourcecode.swift; path = Ejercicio.swift; sourceTree = "<group>"; };
		AA3701182F952ECB00CC6735 /* Pago.swift */ = {isa = PBXFileReference; lastKnownFileType = sourcecode.swift; path = Pago.swift; sourceTree = "<group>"; };
		AA37011A2F952F1800CC6735 /* IMiembro.swift */ = {isa = PBXFileReference; lastKnownFileType = sourcecode.swift; path = IMiembro.swift; sourceTree = "<group>"; };
		AA37011C2F952F5800CC6735 /* IEjercicio.swift */ = {isa = PBXFileReference; lastKnownFileType = sourcecode.swift; path = IEjercicio.swift; sourceTree = "<group>"; };
		AA37011E2F952F8F00CC6735 /* IPago.swift */ = {isa = PBXFileReference; lastKnownFileType = sourcecode.swift; path = IPago.swift; sourceTree = "<group>"; };
		AA3701202F95302C00CC6735 /* MiembroController.swift */ = {isa = PBXFileReference; lastKnownFileType = sourcecode.swift; path = MiembroController.swift; sourceTree = "<group>"; };
		AA3701222F95306300CC6735 /* EjercicioController.swift */ = {isa = PBXFileReference; lastKnownFileType = sourcecode.swift; path = EjercicioController.swift; sourceTree = "<group>"; };
		AA3701242F9530AD00CC6735 /* PagoController.swift */ = {isa = PBXFileReference; lastKnownFileType = sourcecode.swift; path = PagoController.swift; sourceTree = "<group>"; };
		AA3701262F9531F700CC6735 /* DashboardViewController.swift */ = {isa = PBXFileReference; lastKnownFileType = sourcecode.swift; path = DashboardViewController.swift; sourceTree = "<group>"; };
		AA3701282F95324B00CC6735 /* MiembrosViewController.swift */ = {isa = PBXFileReference; lastKnownFileType = sourcecode.swift; path = MiembrosViewController.swift; sourceTree = "<group>"; };
		AA37012A2F9532CE00CC6735 /* NuevoMiembroViewController.swift */ = {isa = PBXFileReference; lastKnownFileType = sourcecode.swift; path = NuevoMiembroViewController.swift; sourceTree = "<group>"; };
		AA37012C2F95331C00CC6735 /* DetalleMiembroViewController.swift */ = {isa = PBXFileReference; lastKnownFileType = sourcecode.swift; path = DetalleMiembroViewController.swift; sourceTree = "<group>"; };
		AA37012E2F95336C00CC6735 /* EjerciciosViewController.swift */ = {isa = PBXFileReference; lastKnownFileType = sourcecode.swift; path = EjerciciosViewController.swift; sourceTree = "<group>"; };
		AA3701302F9533B300CC6735 /* DetalleEjercicioViewController.swift */ = {isa = PBXFileReference; lastKnownFileType = sourcecode.swift; path = DetalleEjercicioViewController.swift; sourceTree = "<group>"; };
		AA3701322F9533F000CC6735 /* MisEjerciciosViewController.swift */ = {isa = PBXFileReference; lastKnownFileType = sourcecode.swift; path = MisEjerciciosViewController.swift; sourceTree = "<group>"; };
		AA3701342F9534D500CC6735 /* PagosViewController.swift */ = {isa = PBXFileReference; lastKnownFileType = sourcecode.swift; path = PagosViewController.swift; sourceTree = "<group>"; };
		AA3701362F95351400CC6735 /* NuevoPagoViewController.swift */ = {isa = PBXFileReference; lastKnownFileType = sourcecode.swift; path = NuevoPagoViewController.swift; sourceTree = "<group>"; };
		AA3701382F95357E00CC6735 /* CeldaMiembro.swift */ = {isa = PBXFileReference; lastKnownFileType = sourcecode.swift; path = CeldaMiembro.swift; sourceTree = "<group>"; };
		AA37013A2F9535C900CC6735 /* CeldaEjercicio.swift */ = {isa = PBXFileReference; lastKnownFileType = sourcecode.swift; path = CeldaEjercicio.swift; sourceTree = "<group>"; };
		AA37013C2F95360900CC6735 /* CeldaPago.swift */ = {isa = PBXFileReference; lastKnownFileType = sourcecode.swift; path = CeldaPago.swift; sourceTree = "<group>"; };
		AA37013E2F98236700CC6735 /* EditarMiembroViewController.swift */ = {isa = PBXFileReference; lastKnownFileType = sourcecode.swift; path = EditarMiembroViewController.swift; sourceTree = "<group>"; };
/* End PBXFileReference section */

/* Begin PBXFrameworksBuildPhase section */
		AA3700F22F952AB600CC6735 /* Frameworks */ = {
			isa = PBXFrameworksBuildPhase;
			buildActionMask = 2147483647;
			files = (
			);
			runOnlyForDeploymentPostprocessing = 0;
		};
/* End PBXFrameworksBuildPhase section */

/* Begin PBXGroup section */
		AA3700EC2F952AB600CC6735 = {
			isa = PBXGroup;
			children = (
				AA3700F72F952AB600CC6735 /* GymPro */,
				AA3700F62F952AB600CC6735 /* Products */,
			);
			sourceTree = "<group>";
		};
		AA3700F62F952AB600CC6735 /* Products */ = {
			isa = PBXGroup;
			children = (
				AA3700F52F952AB600CC6735 /* GymPro.app */,
			);
			name = Products;
			sourceTree = "<group>";
		};
		AA3700F72F952AB600CC6735 /* GymPro */ = {
			isa = PBXGroup;
			children = (
				AA3701132F952B3500CC6735 /* celdas */,
				AA3701122F952B1C00CC6735 /* controller */,
				AA3701112F952B0F00CC6735 /* modelo */,
				AA3701102F952AFD00CC6735 /* protocolos */,
				AA37010F2F952AD200CC6735 /* estructuras */,
				AA3700F82F952AB600CC6735 /* AppDelegate.swift */,
				AA3700FA2F952AB600CC6735 /* SceneDelegate.swift */,
				AA3700FC2F952AB600CC6735 /* ViewController.swift */,
				AA3700FE2F952AB600CC6735 /* Main.storyboard */,
				AA3701042F952AB800CC6735 /* Assets.xcassets */,
				AA3701062F952AB800CC6735 /* LaunchScreen.storyboard */,
				AA3701092F952AB800CC6735 /* Info.plist */,
				AA3701012F952AB600CC6735 /* GymPro.xcdatamodeld */,
			);
			path = GymPro;
			sourceTree = "<group>";
		};
		AA37010F2F952AD200CC6735 /* estructuras */ = {
			isa = PBXGroup;
			children = (
				AA3701142F952E5500CC6735 /* Miembro.swift */,
				AA3701162F952E9600CC6735 /* Ejercicio.swift */,
				AA3701182F952ECB00CC6735 /* Pago.swift */,
			);
			path = estructuras;
			sourceTree = "<group>";
		};
		AA3701102F952AFD00CC6735 /* protocolos */ = {
			isa = PBXGroup;
			children = (
				AA37011A2F952F1800CC6735 /* IMiembro.swift */,
				AA37011C2F952F5800CC6735 /* IEjercicio.swift */,
				AA37011E2F952F8F00CC6735 /* IPago.swift */,
			);
			path = protocolos;
			sourceTree = "<group>";
		};
		AA3701112F952B0F00CC6735 /* modelo */ = {
			isa = PBXGroup;
			children = (
				AA3701202F95302C00CC6735 /* MiembroController.swift */,
				AA3701222F95306300CC6735 /* EjercicioController.swift */,
				AA3701242F9530AD00CC6735 /* PagoController.swift */,
			);
			path = modelo;
			sourceTree = "<group>";
		};
		AA3701122F952B1C00CC6735 /* controller */ = {
			isa = PBXGroup;
			children = (
				AA3701262F9531F700CC6735 /* DashboardViewController.swift */,
				AA3701282F95324B00CC6735 /* MiembrosViewController.swift */,
				AA37012A2F9532CE00CC6735 /* NuevoMiembroViewController.swift */,
				AA37012C2F95331C00CC6735 /* DetalleMiembroViewController.swift */,
				AA37012E2F95336C00CC6735 /* EjerciciosViewController.swift */,
				AA3701302F9533B300CC6735 /* DetalleEjercicioViewController.swift */,
				AA3701322F9533F000CC6735 /* MisEjerciciosViewController.swift */,
				AA3701342F9534D500CC6735 /* PagosViewController.swift */,
				AA3701362F95351400CC6735 /* NuevoPagoViewController.swift */,
				AA37013E2F98236700CC6735 /* EditarMiembroViewController.swift */,
			);
			path = controller;
			sourceTree = "<group>";
		};
		AA3701132F952B3500CC6735 /* celdas */ = {
			isa = PBXGroup;
			children = (
				AA3701382F95357E00CC6735 /* CeldaMiembro.swift */,
				AA37013A2F9535C900CC6735 /* CeldaEjercicio.swift */,
				AA37013C2F95360900CC6735 /* CeldaPago.swift */,
			);
			path = celdas;
			sourceTree = "<group>";
		};
/* End PBXGroup section */

/* Begin PBXNativeTarget section */
		AA3700F42F952AB600CC6735 /* GymPro */ = {
			isa = PBXNativeTarget;
			buildConfigurationList = AA37010C2F952AB800CC6735 /* Build configuration list for PBXNativeTarget "GymPro" */;
			buildPhases = (
				AA3700F12F952AB600CC6735 /* Sources */,
				AA3700F22F952AB600CC6735 /* Frameworks */,
				AA3700F32F952AB600CC6735 /* Resources */,
			);
			buildRules = (
			);
			dependencies = (
			);
			name = GymPro;
			productName = GymPro;
			productReference = AA3700F52F952AB600CC6735 /* GymPro.app */;
			productType = "com.apple.product-type.application";
		};
/* End PBXNativeTarget section */

/* Begin PBXProject section */
		AA3700ED2F952AB600CC6735 /* Project object */ = {
			isa = PBXProject;
			attributes = {
				BuildIndependentTargetsInParallel = 1;
				LastSwiftUpdateCheck = 1520;
				LastUpgradeCheck = 1520;
				TargetAttributes = {
					AA3700F42F952AB600CC6735 = {
						CreatedOnToolsVersion = 15.2;
					};
				};
			};
			buildConfigurationList = AA3700F02F952AB600CC6735 /* Build configuration list for PBXProject "GymPro" */;
			compatibilityVersion = "Xcode 14.0";
			developmentRegion = en;
			hasScannedForEncodings = 0;
			knownRegions = (
				en,
				Base,
			);
			mainGroup = AA3700EC2F952AB600CC6735;
			packageReferences = (
				AA37014E2F9ADA8400CC6735 /* XCRemoteSwiftPackageReference "firebase-ios-sdk" */,
			);
			productRefGroup = AA3700F62F952AB600CC6735 /* Products */;
			projectDirPath = "";
			projectRoot = "";
			targets = (
				AA3700F42F952AB600CC6735 /* GymPro */,
			);
		};
/* End PBXProject section */

/* Begin PBXResourcesBuildPhase section */
		AA3700F32F952AB600CC6735 /* Resources */ = {
			isa = PBXResourcesBuildPhase;
			buildActionMask = 2147483647;
			files = (
				AA3701082F952AB800CC6735 /* LaunchScreen.storyboard in Resources */,
				AA3701052F952AB800CC6735 /* Assets.xcassets in Resources */,
				AA3701002F952AB600CC6735 /* Main.storyboard in Resources */,
			);
			runOnlyForDeploymentPostprocessing = 0;
		};
/* End PBXResourcesBuildPhase section */

/* Begin PBXSourcesBuildPhase section */
		AA3700F12F952AB600CC6735 /* Sources */ = {
			isa = PBXSourcesBuildPhase;
			buildActionMask = 2147483647;
			files = (
				AA3701392F95357E00CC6735 /* CeldaMiembro.swift in Sources */,
				AA3700FD2F952AB600CC6735 /* ViewController.swift in Sources */,
				AA3701352F9534D500CC6735 /* PagosViewController.swift in Sources */,
				AA37012D2F95331C00CC6735 /* DetalleMiembroViewController.swift in Sources */,
				AA3701272F9531F700CC6735 /* DashboardViewController.swift in Sources */,
				AA37013B2F9535C900CC6735 /* CeldaEjercicio.swift in Sources */,
				AA3701172F952E9600CC6735 /* Ejercicio.swift in Sources */,
				AA37013F2F98236700CC6735 /* EditarMiembroViewController.swift in Sources */,
				AA3701332F9533F000CC6735 /* MisEjerciciosViewController.swift in Sources */,
				AA37013D2F95360900CC6735 /* CeldaPago.swift in Sources */,
				AA3701252F9530AD00CC6735 /* PagoController.swift in Sources */,
				AA3701372F95351400CC6735 /* NuevoPagoViewController.swift in Sources */,
				AA37012B2F9532CE00CC6735 /* NuevoMiembroViewController.swift in Sources */,
				AA3701192F952ECB00CC6735 /* Pago.swift in Sources */,
				AA3701152F952E5500CC6735 /* Miembro.swift in Sources */,
				AA3701032F952AB600CC6735 /* GymPro.xcdatamodeld in Sources */,
				AA37011B2F952F1800CC6735 /* IMiembro.swift in Sources */,
				AA37011F2F952F9000CC6735 /* IPago.swift in Sources */,
				AA3700F92F952AB600CC6735 /* AppDelegate.swift in Sources */,
				AA3700FB2F952AB600CC6735 /* SceneDelegate.swift in Sources */,
				AA3701292F95324B00CC6735 /* MiembrosViewController.swift in Sources */,
				AA37012F2F95336C00CC6735 /* EjerciciosViewController.swift in Sources */,
				AA3701232F95306300CC6735 /* EjercicioController.swift in Sources */,
				AA37011D2F952F5800CC6735 /* IEjercicio.swift in Sources */,
				AA3701312F9533B300CC6735 /* DetalleEjercicioViewController.swift in Sources */,
				AA3701212F95302C00CC6735 /* MiembroController.swift in Sources */,
			);
			runOnlyForDeploymentPostprocessing = 0;
		};
/* End PBXSourcesBuildPhase section */

/* Begin PBXVariantGroup section */
		AA3700FE2F952AB600CC6735 /* Main.storyboard */ = {
			isa = PBXVariantGroup;
			children = (
				AA3700FF2F952AB600CC6735 /* Base */,
			);
			name = Main.storyboard;
			sourceTree = "<group>";
		};
		AA3701062F952AB800CC6735 /* LaunchScreen.storyboard */ = {
			isa = PBXVariantGroup;
			children = (
				AA3701072F952AB800CC6735 /* Base */,
			);
			name = LaunchScreen.storyboard;
			sourceTree = "<group>";
		};
/* End PBXVariantGroup section */

/* Begin XCBuildConfiguration section */
		AA37010A2F952AB800CC6735 /* Debug */ = {
			isa = XCBuildConfiguration;
			buildSettings = {
				ALWAYS_SEARCH_USER_PATHS = NO;
				ASSETCATALOG_COMPILER_GENERATE_SWIFT_ASSET_SYMBOL_EXTENSIONS = YES;
				CLANG_ANALYZER_NONNULL = YES;
				CLANG_ANALYZER_NUMBER_OBJECT_CONVERSION = YES_AGGRESSIVE;
				CLANG_CXX_LANGUAGE_STANDARD = "gnu++20";
				CLANG_ENABLE_MODULES = YES;
				CLANG_ENABLE_OBJC_ARC = YES;
				CLANG_ENABLE_OBJC_WEAK = YES;
				CLANG_WARN_BLOCK_CAPTURE_AUTORELEASING = YES;
				CLANG_WARN_BOOL_CONVERSION = YES;
				CLANG_WARN_COMMA = YES;
				CLANG_WARN_CONSTANT_CONVERSION = YES;
				CLANG_WARN_DEPRECATED_OBJC_IMPLEMENTATIONS = YES;
				CLANG_WARN_DIRECT_OBJC_ISA_USAGE = YES_ERROR;
				CLANG_WARN_DOCUMENTATION_COMMENTS = YES;
				CLANG_WARN_EMPTY_BODY = YES;
				CLANG_WARN_ENUM_CONVERSION = YES;
				CLANG_WARN_INFINITE_RECURSION = YES;
				CLANG_WARN_INT_CONVERSION = YES;
				CLANG_WARN_NON_LITERAL_NULL_CONVERSION = YES;
				CLANG_WARN_OBJC_IMPLICIT_RETAIN_SELF = YES;
				CLANG_WARN_OBJC_LITERAL_CONVERSION = YES;
				CLANG_WARN_OBJC_ROOT_CLASS = YES_ERROR;
				CLANG_WARN_QUOTED_INCLUDE_IN_FRAMEWORK_HEADER = YES;
				CLANG_WARN_RANGE_LOOP_ANALYSIS = YES;
				CLANG_WARN_STRICT_PROTOTYPES = YES;
				CLANG_WARN_SUSPICIOUS_MOVE = YES;
				CLANG_WARN_UNGUARDED_AVAILABILITY = YES_AGGRESSIVE;
				CLANG_WARN_UNREACHABLE_CODE = YES;
				CLANG_WARN__DUPLICATE_METHOD_MATCH = YES;
				COPY_PHASE_STRIP = NO;
				DEBUG_INFORMATION_FORMAT = dwarf;
				ENABLE_STRICT_OBJC_MSGSEND = YES;
				ENABLE_TESTABILITY = YES;
				ENABLE_USER_SCRIPT_SANDBOXING = YES;
				GCC_C_LANGUAGE_STANDARD = gnu17;
				GCC_DYNAMIC_NO_PIC = NO;
				GCC_NO_COMMON_BLOCKS = YES;
				GCC_OPTIMIZATION_LEVEL = 0;
				GCC_PREPROCESSOR_DEFINITIONS = (
					"DEBUG=1",
					"$(inherited)",
				);
				GCC_WARN_64_TO_32_BIT_CONVERSION = YES;
				GCC_WARN_ABOUT_RETURN_TYPE = YES_ERROR;
				GCC_WARN_UNDECLARED_SELECTOR = YES;
				GCC_WARN_UNINITIALIZED_AUTOS = YES_AGGRESSIVE;
				GCC_WARN_UNUSED_FUNCTION = YES;
				GCC_WARN_UNUSED_VARIABLE = YES;
				IPHONEOS_DEPLOYMENT_TARGET = 17.2;
				LOCALIZATION_PREFERS_STRING_CATALOGS = YES;
				MTL_ENABLE_DEBUG_INFO = INCLUDE_SOURCE;
				MTL_FAST_MATH = YES;
				ONLY_ACTIVE_ARCH = YES;
				SDKROOT = iphoneos;
				SWIFT_ACTIVE_COMPILATION_CONDITIONS = "DEBUG $(inherited)";
				SWIFT_OPTIMIZATION_LEVEL = "-Onone";
			};
			name = Debug;
		};
		AA37010B2F952AB800CC6735 /* Release */ = {
			isa = XCBuildConfiguration;
			buildSettings = {
				ALWAYS_SEARCH_USER_PATHS = NO;
				ASSETCATALOG_COMPILER_GENERATE_SWIFT_ASSET_SYMBOL_EXTENSIONS = YES;
				CLANG_ANALYZER_NONNULL = YES;
				CLANG_ANALYZER_NUMBER_OBJECT_CONVERSION = YES_AGGRESSIVE;
				CLANG_CXX_LANGUAGE_STANDARD = "gnu++20";
				CLANG_ENABLE_MODULES = YES;
				CLANG_ENABLE_OBJC_ARC = YES;
				CLANG_ENABLE_OBJC_WEAK = YES;
				CLANG_WARN_BLOCK_CAPTURE_AUTORELEASING = YES;
				CLANG_WARN_BOOL_CONVERSION = YES;
				CLANG_WARN_COMMA = YES;
				CLANG_WARN_CONSTANT_CONVERSION = YES;
				CLANG_WARN_DEPRECATED_OBJC_IMPLEMENTATIONS = YES;
				CLANG_WARN_DIRECT_OBJC_ISA_USAGE = YES_ERROR;
				CLANG_WARN_DOCUMENTATION_COMMENTS = YES;
				CLANG_WARN_EMPTY_BODY = YES;
				CLANG_WARN_ENUM_CONVERSION = YES;
				CLANG_WARN_INFINITE_RECURSION = YES;
				CLANG_WARN_INT_CONVERSION = YES;
				CLANG_WARN_NON_LITERAL_NULL_CONVERSION = YES;
				CLANG_WARN_OBJC_IMPLICIT_RETAIN_SELF = YES;
				CLANG_WARN_OBJC_LITERAL_CONVERSION = YES;
				CLANG_WARN_OBJC_ROOT_CLASS = YES_ERROR;
				CLANG_WARN_QUOTED_INCLUDE_IN_FRAMEWORK_HEADER = YES;
				CLANG_WARN_RANGE_LOOP_ANALYSIS = YES;
				CLANG_WARN_STRICT_PROTOTYPES = YES;
				CLANG_WARN_SUSPICIOUS_MOVE = YES;
				CLANG_WARN_UNGUARDED_AVAILABILITY = YES_AGGRESSIVE;
				CLANG_WARN_UNREACHABLE_CODE = YES;
				CLANG_WARN__DUPLICATE_METHOD_MATCH = YES;
				COPY_PHASE_STRIP = NO;
				DEBUG_INFORMATION_FORMAT = "dwarf-with-dsym";
				ENABLE_NS_ASSERTIONS = NO;
				ENABLE_STRICT_OBJC_MSGSEND = YES;
				ENABLE_USER_SCRIPT_SANDBOXING = YES;
				GCC_C_LANGUAGE_STANDARD = gnu17;
				GCC_NO_COMMON_BLOCKS = YES;
				GCC_WARN_64_TO_32_BIT_CONVERSION = YES;
				GCC_WARN_ABOUT_RETURN_TYPE = YES_ERROR;
				GCC_WARN_UNDECLARED_SELECTOR = YES;
				GCC_WARN_UNINITIALIZED_AUTOS = YES_AGGRESSIVE;
				GCC_WARN_UNUSED_FUNCTION = YES;
				GCC_WARN_UNUSED_VARIABLE = YES;
				IPHONEOS_DEPLOYMENT_TARGET = 17.2;
				LOCALIZATION_PREFERS_STRING_CATALOGS = YES;
				MTL_ENABLE_DEBUG_INFO = NO;
				MTL_FAST_MATH = YES;
				SDKROOT = iphoneos;
				SWIFT_COMPILATION_MODE = wholemodule;
				VALIDATE_PRODUCT = YES;
			};
			name = Release;
		};
		AA37010D2F952AB800CC6735 /* Debug */ = {
			isa = XCBuildConfiguration;
			buildSettings = {
				ASSETCATALOG_COMPILER_APPICON_NAME = AppIcon;
				ASSETCATALOG_COMPILER_GLOBAL_ACCENT_COLOR_NAME = AccentColor;
				CODE_SIGN_STYLE = Automatic;
				CURRENT_PROJECT_VERSION = 1;
				GENERATE_INFOPLIST_FILE = YES;
				INFOPLIST_FILE = GymPro/Info.plist;
				INFOPLIST_KEY_UIApplicationSupportsIndirectInputEvents = YES;
				INFOPLIST_KEY_UILaunchStoryboardName = LaunchScreen;
				INFOPLIST_KEY_UIMainStoryboardFile = Main;
				INFOPLIST_KEY_UISupportedInterfaceOrientations_iPad = "UIInterfaceOrientationPortrait UIInterfaceOrientationPortraitUpsideDown UIInterfaceOrientationLandscapeLeft UIInterfaceOrientationLandscapeRight";
				INFOPLIST_KEY_UISupportedInterfaceOrientations_iPhone = "UIInterfaceOrientationPortrait UIInterfaceOrientationLandscapeLeft UIInterfaceOrientationLandscapeRight";
				LD_RUNPATH_SEARCH_PATHS = (
					"$(inherited)",
					"@executable_path/Frameworks",
				);
				MARKETING_VERSION = 1.0;
				PRODUCT_BUNDLE_IDENTIFIER = cibertec.com.GymPro;
				PRODUCT_NAME = "$(TARGET_NAME)";
				SWIFT_EMIT_LOC_STRINGS = YES;
				SWIFT_VERSION = 5.0;
				TARGETED_DEVICE_FAMILY = "1,2";
			};
			name = Debug;
		};
		AA37010E2F952AB800CC6735 /* Release */ = {
			isa = XCBuildConfiguration;
			buildSettings = {
				ASSETCATALOG_COMPILER_APPICON_NAME = AppIcon;
				ASSETCATALOG_COMPILER_GLOBAL_ACCENT_COLOR_NAME = AccentColor;
				CODE_SIGN_STYLE = Automatic;
				CURRENT_PROJECT_VERSION = 1;
				GENERATE_INFOPLIST_FILE = YES;
				INFOPLIST_FILE = GymPro/Info.plist;
				INFOPLIST_KEY_UIApplicationSupportsIndirectInputEvents = YES;
				INFOPLIST_KEY_UILaunchStoryboardName = LaunchScreen;
				INFOPLIST_KEY_UIMainStoryboardFile = Main;
				INFOPLIST_KEY_UISupportedInterfaceOrientations_iPad = "UIInterfaceOrientationPortrait UIInterfaceOrientationPortraitUpsideDown UIInterfaceOrientationLandscapeLeft UIInterfaceOrientationLandscapeRight";
				INFOPLIST_KEY_UISupportedInterfaceOrientations_iPhone = "UIInterfaceOrientationPortrait UIInterfaceOrientationLandscapeLeft UIInterfaceOrientationLandscapeRight";
				LD_RUNPATH_SEARCH_PATHS = (
					"$(inherited)",
					"@executable_path/Frameworks",
				);
				MARKETING_VERSION = 1.0;
				PRODUCT_BUNDLE_IDENTIFIER = cibertec.com.GymPro;
				PRODUCT_NAME = "$(TARGET_NAME)";
				SWIFT_EMIT_LOC_STRINGS = YES;
				SWIFT_VERSION = 5.0;
				TARGETED_DEVICE_FAMILY = "1,2";
			};
			name = Release;
		};
/* End XCBuildConfiguration section */

/* Begin XCConfigurationList section */
		AA3700F02F952AB600CC6735 /* Build configuration list for PBXProject "GymPro" */ = {
			isa = XCConfigurationList;
			buildConfigurations = (
				AA37010A2F952AB800CC6735 /* Debug */,
				AA37010B2F952AB800CC6735 /* Release */,
			);
			defaultConfigurationIsVisible = 0;
			defaultConfigurationName = Release;
		};
		AA37010C2F952AB800CC6735 /* Build configuration list for PBXNativeTarget "GymPro" */ = {
			isa = XCConfigurationList;
			buildConfigurations = (
				AA37010D2F952AB800CC6735 /* Debug */,
				AA37010E2F952AB800CC6735 /* Release */,
			);
			defaultConfigurationIsVisible = 0;
			defaultConfigurationName = Release;
		};
/* End XCConfigurationList section */

/* Begin XCRemoteSwiftPackageReference section */
		AA37014E2F9ADA8400CC6735 /* XCRemoteSwiftPackageReference "firebase-ios-sdk" */ = {
			isa = XCRemoteSwiftPackageReference;
			repositoryURL = "https://github.com/firebase/firebase-ios-sdk";
			requirement = {
				kind = upToNextMajorVersion;
				minimumVersion = 12.12.1;
			};
		};
/* End XCRemoteSwiftPackageReference section */

/* Begin XCVersionGroup section */
		AA3701012F952AB600CC6735 /* GymPro.xcdatamodeld */ = {
			isa = XCVersionGroup;
			children = (
				AA3701022F952AB600CC6735 /* GymPro.xcdatamodel */,
			);
			currentVersion = AA3701022F952AB600CC6735 /* GymPro.xcdatamodel */;
			path = GymPro.xcdatamodeld;
			sourceTree = "<group>";
			versionGroupType = wrapper.xcdatamodel;
		};
/* End XCVersionGroup section */
	};
	rootObject = AA3700ED2F952AB600CC6735 /* Project object */;
}
